
Microsoft Visual Studio Solution File, Format Version 12.00
# Visual Studio 15
VisualStudioVersion = 15.0.27004.2010
MinimumVisualStudioVersion = 10.0.40219.1
Project("{9A19103F-16F7-4668-BE54-9A1E7A4F7556}") = "PayChain.Frontend", "PayChain.Frontend\PayChain.Frontend.csproj", "{CF2BA6EA-309F-4F28-A3CD-58038CE08F28}"
EndProject
Project("{9A19103F-16F7-4668-BE54-9A1E7A4F7556}") = "PayChain.Backend", "PayChain.Backend\PayChain.Backend.csproj", "{14D49D39-1498-4A36-BE89-9195C69C8CC8}"
EndProject
Project("{FAE04EC0-301F-11D3-BF4B-00C04F79EFBC}") = "PayChain.Common", "PayChain.Common\PayChain.Common.csproj", "{E891193A-2448-45C3-9BE4-475B0960B693}"
EndProject
Project("{FAE04EC0-301F-11D3-BF4B-00C04F79EFBC}") = "PayChain.Wallet", "PayChain.Wallet\PayChain.Wallet.csproj", "{22C78AB2-EBBF-4D7E-9A51-FA0C312C09D3}"
EndProject
Global
	GlobalSection(SolutionConfigurationPlatforms) = preSolution
		Debug|Any CPU = Debug|Any CPU
		Release|Any CPU = Release|Any CPU
	EndGlobalSection
	GlobalSection(ProjectConfigurationPlatforms) = postSolution
		{CF2BA6EA-309F-4F28-A3CD-58038CE08F28}.Debug|Any CPU.ActiveCfg = Debug|Any CPU
		{CF2BA6EA-309F-4F28-A3CD-58038CE08F28}.Debug|Any CPU.Build.0 = Debug|Any CPU
		{CF2BA6EA-309F-4F28-A3CD-58038CE08F28}.Release|Any CPU.ActiveCfg = Release|Any CPU
		{CF2BA6EA-309F-4F28-A3CD-58038CE08F28}.Release|Any CPU.Build.0 = Release|Any CPU
		{14D49D39-1498-4A36-BE89-9195C69C8CC8}.Debug|Any CPU.ActiveCfg = Debug|Any CPU
		{14D49D39-1498-4A36-BE89-9195C69C8CC8}.Debug|Any CPU.Build.0 = Debug|Any CPU
		{14D49D39-1498-4A36-BE89-9195C69C8CC8}.Release|Any CPU.ActiveCfg = Release|Any CPU
		{14D49D39-1498-4A36-BE89-9195C69C8CC8}.Release|Any CPU.Build.0 = Release|Any CPU
		{E891193A-2448-45C3-9BE4-475B0960B693}.Debug|Any CPU.ActiveCfg = Debug|Any CPU
		{E891193A-2448-45C3-9BE4-475B0960B693}.Debug|Any CPU.Build.0 = Debug|Any CPU
		{E891193A-2448-45C3-9BE4-475B0960B693}.Release|Any CPU.ActiveCfg = Release|Any CPU
		{E891193A-2448-45C3-9BE4-475B0960B693}.Release|Any CPU.Build.0 = Release|Any CPU
		{22C78AB2-EBBF-4D7E-9A51-FA0C312C09D3}.Debug|Any CPU.ActiveCfg = Debug|Any CPU
		{22C78AB2-EBBF-4D7E-9A51-FA0C312C09D3}.Debug|Any CPU.Build.0 = Debug|Any CPU
		{22C78AB2-EBBF-4D7E-9A51-FA0C312C09D3}.Release|Any CPU.ActiveCfg = Release|Any CPU
		{22C78AB2-EBBF-4D7E-9A51-FA0C312C09D3}.Release|Any CPU.Build.0 = Release|Any CPU
	EndGlobalSection
	GlobalSection(SolutionProperties) = preSolution
		HideSolutionNode = FALSE
	EndGlobalSection
	GlobalSection(ExtensibilityGlobals) = postSolution
		SolutionGuid = {047E2B31-005D-474D-86AA-3EF8E7E54B86}
	EndGlobalSection
EndGlobal
